
Microsoft Visual Studio Solution File, Format Version 12.00
# Visual Studio Version 16
VisualStudioVersion = 16.0.31025.194
MinimumVisualStudioVersion = 10.0.40219.1
Project("{8BC9CEB8-8B4A-11D0-8D11-00A0C91BC942}") = "Graphics_3", "Graphics_3\Graphics_3.vcxproj", "{18799C29-9CD8-4CF6-B8D2-6FC903524AD7}"
EndProject
Global
	GlobalSection(SolutionConfigurationPlatforms) = preSolution
		Debug|x64 = Debug|x64
		Debug|x86 = Debug|x86
		Release|x64 = Release|x64
		Release|x86 = Release|x86
	EndGlobalSection
	GlobalSection(ProjectConfigurationPlatforms) = postSolution
		{18799C29-9CD8-4CF6-B8D2-6FC903524AD7}.Debug|x64.ActiveCfg = Debug|x64
		{18799C29-9CD8-4CF6-B8D2-6FC903524AD7}.Debug|x64.Build.0 = Debug|x64
		{18799C29-9CD8-4CF6-B8D2-6FC903524AD7}.Debug|x86.ActiveCfg = Debug|Win32
		{18799C29-9CD8-4CF6-B8D2-6FC903524AD7}.Debug|x86.Build.0 = Debug|Win32
		{18799C29-9CD8-4CF6-B8D2-6FC903524AD7}.Release|x64.ActiveCfg = Release|x64
		{18799C29-9CD8-4CF6-B8D2-6FC903524AD7}.Release|x64.Build.0 = Release|x64
		{18799C29-9CD8-4CF6-B8D2-6FC903524AD7}.Release|x86.ActiveCfg = Release|Win32
		{18799C29-9CD8-4CF6-B8D2-6FC903524AD7}.Release|x86.Build.0 = Release|Win32
	EndGlobalSection
	GlobalSection(SolutionProperties) = preSolution
		HideSolutionNode = FALSE
	EndGlobalSection
	GlobalSection(ExtensibilityGlobals) = postSolution
		SolutionGuid = {8F6BA12B-8F9F-4421-B843-8E944C714681}
	EndGlobalSection
EndGlobal
